{
  "version": 4,
  "terraform_version": "1.0.9",
  "serial": 474,
  "lineage": "3fbaae2d-a6cf-737a-fb29-ffef6c5bd2dd",
  "outputs": {},
  "resources": [
    {
      "mode": "data",
      "type": "aws_caller_identity",
      "name": "current",
      "provider": "provider[\"registry.terraform.io/hashicorp/aws\"]",
      "instances": [
        {
          "schema_version": 0,
          "attributes": {
            "account_id": "451393504235",
            "arn": "arn:aws:iam::451393504235:user/blaird@thesummitgrp.com",
            "id": "451393504235",
            "user_id": "AIDAWSGJGIPV4OAAB6QPE"
          },
          "sensitive_attributes": []
        }
      ]
    },
    {
      "mode": "data",
      "type": "aws_kms_key",
      "name": "east-default-key",
      "provider": "provider[\"registry.terraform.io/hashicorp/aws\"]",
      "instances": [
        {
          "schema_version": 0,
          "attributes": {
            "arn": "arn:aws:kms:us-east-1:451393504235:key/3f52117a-e218-4640-b753-0a34288ec15e",
            "aws_account_id": "451393504235",
            "creation_date": "2020-05-15T17:34:07Z",
            "customer_master_key_spec": "SYMMETRIC_DEFAULT",
            "deletion_date": null,
            "description": "Default master key that protects my S3 objects when no other key is defined",
            "enabled": true,
            "expiration_model": "",
            "grant_tokens": null,
            "id": "3f52117a-e218-4640-b753-0a34288ec15e",
            "key_id": "alias/aws/s3",
            "key_manager": "AWS",
            "key_state": "Enabled",
            "key_usage": "ENCRYPT_DECRYPT",
            "multi_region": false,
            "multi_region_configuration": [],
            "origin": "AWS_KMS",
            "valid_to": null
          },
          "sensitive_attributes": []
        }
      ]
    },
    {
      "mode": "managed",
      "type": "aws_cloudtrail",
      "name": "S3-bucket-trail-east",
      "provider": "provider[\"registry.terraform.io/hashicorp/aws\"]",
      "instances": [
        {
          "schema_version": 0,
          "attributes": {
            "advanced_event_selector": [],
            "arn": "arn:aws:cloudtrail:us-east-1:451393504235:trail/bryon-bucket-trail-east",
            "cloud_watch_logs_group_arn": "arn:aws:logs:us-east-1:451393504235:log-group:bryon-bucket-log-group-east:*",
            "cloud_watch_logs_role_arn": "arn:aws:iam::451393504235:role/bryon-cloudtrail-role",
            "enable_log_file_validation": false,
            "enable_logging": true,
            "event_selector": [
              {
                "data_resource": [
                  {
                    "type": "AWS::S3::Object",
                    "values": [
                      "arn:aws:s3:::bryon-bucket-east/"
                    ]
                  }
                ],
                "include_management_events": true,
                "read_write_type": "All"
              }
            ],
            "home_region": "us-east-1",
            "id": "bryon-bucket-trail-east",
            "include_global_service_events": false,
            "insight_selector": [],
            "is_multi_region_trail": false,
            "is_organization_trail": false,
            "kms_key_id": "",
            "name": "bryon-bucket-trail-east",
            "s3_bucket_name": "bryon-bucket-east-logs",
            "s3_key_prefix": "replication",
            "sns_topic_name": "",
            "tags": null,
            "tags_all": {}
          },
          "sensitive_attributes": [],
          "private": "bnVsbA==",
          "dependencies": [
            "aws_cloudwatch_log_group.S3-bucket-log-group-east",
            "aws_cloudwatch_log_group.S3-bucket-log-group-west",
            "aws_iam_policy.S3-cloudtrail-policy",
            "aws_iam_role.S3-cloudtrail-role",
            "aws_s3_bucket.S3-bucket-east",
            "aws_s3_bucket.S3-bucket-east-logs",
            "aws_s3_bucket.S3-bucket-west-logs",
            "data.aws_caller_identity.current"
          ]
        }
      ]
    },
    {
      "mode": "managed",
      "type": "aws_cloudtrail",
      "name": "S3-bucket-trail-west",
      "provider": "provider[\"registry.terraform.io/hashicorp/aws\"].west",
      "instances": [
        {
          "schema_version": 0,
          "attributes": {
            "advanced_event_selector": [],
            "arn": "arn:aws:cloudtrail:us-west-2:451393504235:trail/bryon-bucket-trail-west",
            "cloud_watch_logs_group_arn": "arn:aws:logs:us-west-2:451393504235:log-group:bryon-bucket-log-group-west:*",
            "cloud_watch_logs_role_arn": "arn:aws:iam::451393504235:role/bryon-cloudtrail-role",
            "enable_log_file_validation": false,
            "enable_logging": true,
            "event_selector": [
              {
                "data_resource": [
                  {
                    "type": "AWS::S3::Object",
                    "values": [
                      "arn:aws:s3:::bryon-bucket-west/"
                    ]
                  }
                ],
                "include_management_events": true,
                "read_write_type": "All"
              }
            ],
            "home_region": "us-west-2",
            "id": "bryon-bucket-trail-west",
            "include_global_service_events": false,
            "insight_selector": [],
            "is_multi_region_trail": false,
            "is_organization_trail": false,
            "kms_key_id": "",
            "name": "bryon-bucket-trail-west",
            "s3_bucket_name": "bryon-bucket-west-logs",
            "s3_key_prefix": "replication",
            "sns_topic_name": "",
            "tags": null,
            "tags_all": {}
          },
          "sensitive_attributes": [],
          "private": "bnVsbA==",
          "dependencies": [
            "aws_cloudwatch_log_group.S3-bucket-log-group-east",
            "aws_cloudwatch_log_group.S3-bucket-log-group-west",
            "aws_iam_policy.S3-cloudtrail-policy",
            "aws_iam_role.S3-cloudtrail-role",
            "aws_iam_role.S3-rep-role",
            "aws_s3_bucket.S3-bucket-east",
            "aws_s3_bucket.S3-bucket-east-logs",
            "aws_s3_bucket.S3-bucket-west",
            "aws_s3_bucket.S3-bucket-west-logs",
            "data.aws_caller_identity.current"
          ]
        }
      ]
    },
    {
      "mode": "managed",
      "type": "aws_cloudwatch_log_group",
      "name": "S3-bucket-log-group-east",
      "provider": "provider[\"registry.terraform.io/hashicorp/aws\"]",
      "instances": [
        {
          "schema_version": 0,
          "attributes": {
            "arn": "arn:aws:logs:us-east-1:451393504235:log-group:bryon-bucket-log-group-east",
            "id": "bryon-bucket-log-group-east",
            "kms_key_id": "",
            "name": "bryon-bucket-log-group-east",
            "name_prefix": null,
            "retention_in_days": 0,
            "tags": null,
            "tags_all": {}
          },
          "sensitive_attributes": [],
          "private": "bnVsbA=="
        }
      ]
    },
    {
      "mode": "managed",
      "type": "aws_cloudwatch_log_group",
      "name": "S3-bucket-log-group-west",
      "provider": "provider[\"registry.terraform.io/hashicorp/aws\"].west",
      "instances": [
        {
          "schema_version": 0,
          "attributes": {
            "arn": "arn:aws:logs:us-west-2:451393504235:log-group:bryon-bucket-log-group-west",
            "id": "bryon-bucket-log-group-west",
            "kms_key_id": "",
            "name": "bryon-bucket-log-group-west",
            "name_prefix": null,
            "retention_in_days": 0,
            "tags": null,
            "tags_all": {}
          },
          "sensitive_attributes": [],
          "private": "bnVsbA=="
        }
      ]
    },
    {
      "mode": "managed",
      "type": "aws_iam_policy",
      "name": "S3-cloudtrail-policy",
      "provider": "provider[\"registry.terraform.io/hashicorp/aws\"]",
      "instances": [
        {
          "schema_version": 0,
          "attributes": {
            "arn": "arn:aws:iam::451393504235:policy/bryon-cloudtrail-policy",
            "description": "policy for bi-direction replication cloud trail",
            "id": "arn:aws:iam::451393504235:policy/bryon-cloudtrail-policy",
            "name": "bryon-cloudtrail-policy",
            "name_prefix": null,
            "path": "/",
            "policy": "{\"Statement\":[{\"Action\":[\"logs:CreateLogStream\"],\"Effect\":\"Allow\",\"Resource\":[\"arn:aws:logs:us-east-1:451393504235:log-group:bryon-bucket-log-group-east:log-stream:451393504235_CloudTrail_us-east-1*\",\"arn:aws:logs:us-west-2:451393504235:log-group:bryon-bucket-log-group-west:log-stream:451393504235_CloudTrail_us-west-2*\"],\"Sid\":\"AWSCloudTrailCreateLogStream2014110\"},{\"Action\":[\"logs:PutLogEvents\"],\"Effect\":\"Allow\",\"Resource\":[\"arn:aws:logs:us-east-1:451393504235:log-group:bryon-bucket-log-group-east:log-stream:451393504235_CloudTrail_us-east-1*\",\"arn:aws:logs:us-west-2:451393504235:log-group:bryon-bucket-log-group-west:log-stream:451393504235_CloudTrail_us-west-2*\"],\"Sid\":\"AWSCloudTrailPutLogEvents20141101\"}],\"Version\":\"2012-10-17\"}",
            "policy_id": "ANPAWSGJGIPVV22S3QQNP",
            "tags": null,
            "tags_all": {}
          },
          "sensitive_attributes": [],
          "private": "bnVsbA==",
          "dependencies": [
            "aws_cloudwatch_log_group.S3-bucket-log-group-east",
            "aws_cloudwatch_log_group.S3-bucket-log-group-west",
            "aws_s3_bucket.S3-bucket-east-logs",
            "aws_s3_bucket.S3-bucket-west-logs",
            "data.aws_caller_identity.current"
          ]
        }
      ]
    },
    {
      "mode": "managed",
      "type": "aws_iam_policy",
      "name": "S3-rep-policy",
      "provider": "provider[\"registry.terraform.io/hashicorp/aws\"]",
      "instances": [
        {
          "schema_version": 0,
          "attributes": {
            "arn": "arn:aws:iam::451393504235:policy/bryon-rep-policy",
            "description": "policy for bi-direction replication",
            "id": "arn:aws:iam::451393504235:policy/bryon-rep-policy",
            "name": "bryon-rep-policy",
            "name_prefix": null,
            "path": "/",
            "policy": "{\"Statement\":[{\"Action\":[\"s3:Get*\",\"s3:ListBucket\"],\"Effect\":\"Allow\",\"Resource\":[\"arn:aws:s3:::bryon-bucket-east\",\"arn:aws:s3:::bryon-bucket-east/*\",\"arn:aws:s3:::bryon-bucket-west\",\"arn:aws:s3:::bryon-bucket-west/*\"]},{\"Action\":[\"s3:ReplicateObject\",\"s3:ReplicateDelete\",\"s3:ReplicateTags\",\"S3:GetObjectVersionTagging\"],\"Effect\":\"Allow\",\"Resource\":[\"arn:aws:s3:::bryon-bucket-east/*\",\"arn:aws:s3:::bryon-bucket-west/*\"]}],\"Version\":\"2012-10-17\"}",
            "policy_id": "ANPAWSGJGIPVXYCUKLYM2",
            "tags": null,
            "tags_all": {}
          },
          "sensitive_attributes": [],
          "private": "bnVsbA==",
          "dependencies": [
            "aws_iam_role.S3-rep-role",
            "aws_s3_bucket.S3-bucket-east",
            "aws_s3_bucket.S3-bucket-west"
          ]
        }
      ]
    },
    {
      "mode": "managed",
      "type": "aws_iam_role",
      "name": "S3-cloudtrail-role",
      "provider": "provider[\"registry.terraform.io/hashicorp/aws\"]",
      "instances": [
        {
          "schema_version": 0,
          "attributes": {
            "arn": "arn:aws:iam::451393504235:role/bryon-cloudtrail-role",
            "assume_role_policy": "{\"Version\":\"2012-10-17\",\"Statement\":[{\"Sid\":\"\",\"Effect\":\"Allow\",\"Principal\":{\"Service\":\"cloudtrail.amazonaws.com\"},\"Action\":\"sts:AssumeRole\"}]}",
            "create_date": "2021-11-16T14:59:32Z",
            "description": "",
            "force_detach_policies": false,
            "id": "bryon-cloudtrail-role",
            "inline_policy": [
              {
                "name": "",
                "policy": ""
              }
            ],
            "managed_policy_arns": [],
            "max_session_duration": 3600,
            "name": "bryon-cloudtrail-role",
            "name_prefix": "",
            "path": "/",
            "permissions_boundary": null,
            "tags": null,
            "tags_all": {},
            "unique_id": "AROAWSGJGIPVU3HBFNVMS"
          },
          "sensitive_attributes": [],
          "private": "bnVsbA=="
        }
      ]
    },
    {
      "mode": "managed",
      "type": "aws_iam_role",
      "name": "S3-rep-role",
      "provider": "provider[\"registry.terraform.io/hashicorp/aws\"]",
      "instances": [
        {
          "schema_version": 0,
          "attributes": {
            "arn": "arn:aws:iam::451393504235:role/bryon-replication-role",
            "assume_role_policy": "{\"Version\":\"2012-10-17\",\"Statement\":[{\"Sid\":\"\",\"Effect\":\"Allow\",\"Principal\":{\"Service\":\"s3.amazonaws.com\"},\"Action\":\"sts:AssumeRole\"}]}",
            "create_date": "2021-11-16T14:59:32Z",
            "description": "",
            "force_detach_policies": false,
            "id": "bryon-replication-role",
            "inline_policy": [
              {
                "name": "",
                "policy": ""
              }
            ],
            "managed_policy_arns": [],
            "max_session_duration": 3600,
            "name": "bryon-replication-role",
            "name_prefix": "",
            "path": "/",
            "permissions_boundary": null,
            "tags": null,
            "tags_all": {},
            "unique_id": "AROAWSGJGIPVUZMN47W73"
          },
          "sensitive_attributes": [],
          "private": "bnVsbA=="
        }
      ]
    },
    {
      "mode": "managed",
      "type": "aws_iam_role_policy_attachment",
      "name": "S3-bucket-cloudtrail-attach",
      "provider": "provider[\"registry.terraform.io/hashicorp/aws\"]",
      "instances": [
        {
          "schema_version": 0,
          "attributes": {
            "id": "bryon-cloudtrail-role-20211116145934947000000001",
            "policy_arn": "arn:aws:iam::451393504235:policy/bryon-cloudtrail-policy",
            "role": "bryon-cloudtrail-role"
          },
          "sensitive_attributes": [],
          "private": "bnVsbA==",
          "dependencies": [
            "aws_cloudwatch_log_group.S3-bucket-log-group-east",
            "aws_cloudwatch_log_group.S3-bucket-log-group-west",
            "aws_iam_policy.S3-cloudtrail-policy",
            "aws_iam_role.S3-cloudtrail-role",
            "aws_s3_bucket.S3-bucket-east-logs",
            "aws_s3_bucket.S3-bucket-west-logs",
            "data.aws_caller_identity.current"
          ]
        }
      ]
    },
    {
      "mode": "managed",
      "type": "aws_iam_role_policy_attachment",
      "name": "replication",
      "provider": "provider[\"registry.terraform.io/hashicorp/aws\"]",
      "instances": [
        {
          "schema_version": 0,
          "attributes": {
            "id": "bryon-replication-role-20211116145937880500000002",
            "policy_arn": "arn:aws:iam::451393504235:policy/bryon-rep-policy",
            "role": "bryon-replication-role"
          },
          "sensitive_attributes": [],
          "private": "bnVsbA==",
          "dependencies": [
            "aws_iam_policy.S3-rep-policy",
            "aws_iam_role.S3-rep-role",
            "aws_s3_bucket.S3-bucket-east",
            "aws_s3_bucket.S3-bucket-west"
          ]
        }
      ]
    },
    {
      "mode": "managed",
      "type": "aws_s3_bucket",
      "name": "S3-bucket-east",
      "provider": "provider[\"registry.terraform.io/hashicorp/aws\"]",
      "instances": [
        {
          "schema_version": 0,
          "attributes": {
            "acceleration_status": "",
            "acl": "private",
            "arn": "arn:aws:s3:::bryon-bucket-east",
            "bucket": "bryon-bucket-east",
            "bucket_domain_name": "bryon-bucket-east.s3.amazonaws.com",
            "bucket_prefix": null,
            "bucket_regional_domain_name": "bryon-bucket-east.s3.amazonaws.com",
            "cors_rule": [],
            "force_destroy": false,
            "grant": [],
            "hosted_zone_id": "Z3AQBSTGFYJSTF",
            "id": "bryon-bucket-east",
            "lifecycle_rule": [],
            "logging": [],
            "object_lock_configuration": [],
            "policy": null,
            "region": "us-east-1",
            "replication_configuration": [],
            "request_payer": "BucketOwner",
            "server_side_encryption_configuration": [],
            "tags": {
              "Environment": "bryon-poc",
              "Name": "bryon-bucket-east"
            },
            "tags_all": {
              "Environment": "bryon-poc",
              "Name": "bryon-bucket-east"
            },
            "versioning": [
              {
                "enabled": true,
                "mfa_delete": false
              }
            ],
            "website": [],
            "website_domain": null,
            "website_endpoint": null
          },
          "sensitive_attributes": [],
          "private": "bnVsbA=="
        }
      ]
    },
    {
      "mode": "managed",
      "type": "aws_s3_bucket",
      "name": "S3-bucket-east-logs",
      "provider": "provider[\"registry.terraform.io/hashicorp/aws\"]",
      "instances": [
        {
          "schema_version": 0,
          "attributes": {
            "acceleration_status": "",
            "acl": "private",
            "arn": "arn:aws:s3:::bryon-bucket-east-logs",
            "bucket": "bryon-bucket-east-logs",
            "bucket_domain_name": "bryon-bucket-east-logs.s3.amazonaws.com",
            "bucket_prefix": null,
            "bucket_regional_domain_name": "bryon-bucket-east-logs.s3.amazonaws.com",
            "cors_rule": [],
            "force_destroy": true,
            "grant": [],
            "hosted_zone_id": "Z3AQBSTGFYJSTF",
            "id": "bryon-bucket-east-logs",
            "lifecycle_rule": [],
            "logging": [],
            "object_lock_configuration": [],
            "policy": null,
            "region": "us-east-1",
            "replication_configuration": [],
            "request_payer": "BucketOwner",
            "server_side_encryption_configuration": [],
            "tags": {
              "Environment": "bryon-poc",
              "Name": "bryon-bucket-east"
            },
            "tags_all": {
              "Environment": "bryon-poc",
              "Name": "bryon-bucket-east"
            },
            "versioning": [
              {
                "enabled": false,
                "mfa_delete": false
              }
            ],
            "website": [],
            "website_domain": null,
            "website_endpoint": null
          },
          "sensitive_attributes": [],
          "private": "bnVsbA=="
        }
      ]
    },
    {
      "mode": "managed",
      "type": "aws_s3_bucket",
      "name": "S3-bucket-west",
      "provider": "provider[\"registry.terraform.io/hashicorp/aws\"].west",
      "instances": [
        {
          "schema_version": 0,
          "attributes": {
            "acceleration_status": "",
            "acl": "private",
            "arn": "arn:aws:s3:::bryon-bucket-west",
            "bucket": "bryon-bucket-west",
            "bucket_domain_name": "bryon-bucket-west.s3.amazonaws.com",
            "bucket_prefix": null,
            "bucket_regional_domain_name": "bryon-bucket-west.s3.us-west-2.amazonaws.com",
            "cors_rule": [],
            "force_destroy": false,
            "grant": [],
            "hosted_zone_id": "Z3BJ6K6RIION7M",
            "id": "bryon-bucket-west",
            "lifecycle_rule": [],
            "logging": [],
            "object_lock_configuration": [],
            "policy": null,
            "region": "us-west-2",
            "replication_configuration": [
              {
                "role": "arn:aws:iam::451393504235:role/bryon-replication-role",
                "rules": [
                  {
                    "delete_marker_replication_status": "",
                    "destination": [
                      {
                        "access_control_translation": [],
                        "account_id": "",
                        "bucket": "arn:aws:s3:::bryon-bucket-east",
                        "metrics": [],
                        "replica_kms_key_id": "",
                        "replication_time": [],
                        "storage_class": ""
                      }
                    ],
                    "filter": [],
                    "id": "bryon-bucket-replication-west-east",
                    "prefix": "",
                    "priority": null,
                    "source_selection_criteria": [],
                    "status": "Enabled"
                  }
                ]
              }
            ],
            "request_payer": "BucketOwner",
            "server_side_encryption_configuration": [],
            "tags": {
              "Environment": "bryon-poc",
              "Name": "bryon-bucket-west"
            },
            "tags_all": {
              "Environment": "bryon-poc",
              "Name": "bryon-bucket-west"
            },
            "versioning": [
              {
                "enabled": true,
                "mfa_delete": false
              }
            ],
            "website": [],
            "website_domain": null,
            "website_endpoint": null
          },
          "sensitive_attributes": [],
          "private": "bnVsbA==",
          "dependencies": [
            "aws_iam_role.S3-rep-role",
            "aws_s3_bucket.S3-bucket-east"
          ]
        }
      ]
    },
    {
      "mode": "managed",
      "type": "aws_s3_bucket",
      "name": "S3-bucket-west-logs",
      "provider": "provider[\"registry.terraform.io/hashicorp/aws\"].west",
      "instances": [
        {
          "schema_version": 0,
          "attributes": {
            "acceleration_status": "",
            "acl": "private",
            "arn": "arn:aws:s3:::bryon-bucket-west-logs",
            "bucket": "bryon-bucket-west-logs",
            "bucket_domain_name": "bryon-bucket-west-logs.s3.amazonaws.com",
            "bucket_prefix": null,
            "bucket_regional_domain_name": "bryon-bucket-west-logs.s3.us-west-2.amazonaws.com",
            "cors_rule": [],
            "force_destroy": true,
            "grant": [],
            "hosted_zone_id": "Z3BJ6K6RIION7M",
            "id": "bryon-bucket-west-logs",
            "lifecycle_rule": [],
            "logging": [],
            "object_lock_configuration": [],
            "policy": null,
            "region": "us-west-2",
            "replication_configuration": [],
            "request_payer": "BucketOwner",
            "server_side_encryption_configuration": [],
            "tags": {
              "Environment": "bryon-poc",
              "Name": "bryon-bucket-west"
            },
            "tags_all": {
              "Environment": "bryon-poc",
              "Name": "bryon-bucket-west"
            },
            "versioning": [
              {
                "enabled": false,
                "mfa_delete": false
              }
            ],
            "website": [],
            "website_domain": null,
            "website_endpoint": null
          },
          "sensitive_attributes": [],
          "private": "bnVsbA=="
        }
      ]
    },
    {
      "mode": "managed",
      "type": "aws_s3_bucket_policy",
      "name": "S3-bucket-policy-east-logs",
      "provider": "provider[\"registry.terraform.io/hashicorp/aws\"]",
      "instances": [
        {
          "schema_version": 0,
          "attributes": {
            "bucket": "bryon-bucket-east-logs",
            "id": "bryon-bucket-east-logs",
            "policy": "{\"Statement\":[{\"Action\":\"s3:GetBucketAcl\",\"Effect\":\"Allow\",\"Principal\":{\"Service\":\"cloudtrail.amazonaws.com\"},\"Resource\":\"arn:aws:s3:::bryon-bucket-east-logs\",\"Sid\":\"AWSCloudTrailAclCheck\"},{\"Action\":\"s3:PutObject\",\"Condition\":{\"StringEquals\":{\"s3:x-amz-acl\":\"bucket-owner-full-control\"}},\"Effect\":\"Allow\",\"Principal\":{\"Service\":\"cloudtrail.amazonaws.com\"},\"Resource\":\"arn:aws:s3:::bryon-bucket-east-logs/replication/AWSLogs/451393504235/*\",\"Sid\":\"AWSCloudTrailWrite\"}],\"Version\":\"2012-10-17\"}"
          },
          "sensitive_attributes": [],
          "private": "bnVsbA==",
          "dependencies": [
            "aws_s3_bucket.S3-bucket-east-logs",
            "data.aws_caller_identity.current"
          ]
        }
      ]
    },
    {
      "mode": "managed",
      "type": "aws_s3_bucket_policy",
      "name": "S3-bucket-policy-west-logs",
      "provider": "provider[\"registry.terraform.io/hashicorp/aws\"].west",
      "instances": [
        {
          "schema_version": 0,
          "attributes": {
            "bucket": "bryon-bucket-west-logs",
            "id": "bryon-bucket-west-logs",
            "policy": "{\"Statement\":[{\"Action\":\"s3:GetBucketAcl\",\"Effect\":\"Allow\",\"Principal\":{\"Service\":\"cloudtrail.amazonaws.com\"},\"Resource\":\"arn:aws:s3:::bryon-bucket-west-logs\",\"Sid\":\"AWSCloudTrailAclCheck\"},{\"Action\":\"s3:PutObject\",\"Condition\":{\"StringEquals\":{\"s3:x-amz-acl\":\"bucket-owner-full-control\"}},\"Effect\":\"Allow\",\"Principal\":{\"Service\":\"cloudtrail.amazonaws.com\"},\"Resource\":\"arn:aws:s3:::bryon-bucket-west-logs/replication/AWSLogs/451393504235/*\",\"Sid\":\"AWSCloudTrailWrite\"}],\"Version\":\"2012-10-17\"}"
          },
          "sensitive_attributes": [],
          "private": "bnVsbA==",
          "dependencies": [
            "aws_s3_bucket.S3-bucket-west-logs",
            "data.aws_caller_identity.current"
          ]
        }
      ]
    }
  ]
}
